
Microsoft Visual Studio Solution File, Format Version 12.00
# Visual Studio Version 16
VisualStudioVersion = 16.0.28803.202
MinimumVisualStudioVersion = 10.0.40219.1
Project("{FAE04EC0-301F-11D3-BF4B-00C04F79EFBC}") = "PicturePlayer", "PicturePlayer\PicturePlayer.csproj", "{677DA9B3-D893-4537-8BB8-9E3B2F93AD6A}"
EndProject
Project("{FAE04EC0-301F-11D3-BF4B-00C04F79EFBC}") = "CefGlue", "CefGlue\CefGlue.csproj", "{703FF300-34B9-48D4-A5D6-E741F48D5F95}"
EndProject
Project("{FAE04EC0-301F-11D3-BF4B-00C04F79EFBC}") = "CefGlue.WindowsForms", "CefGlue.WindowsForms\CefGlue.WindowsForms.csproj", "{679AF14D-8FF5-4608-BFF8-EC1A7DED04A4}"
EndProject
Global
	GlobalSection(SolutionConfigurationPlatforms) = preSolution
		Debug|Any CPU = Debug|Any CPU
		Release|Any CPU = Release|Any CPU
	EndGlobalSection
	GlobalSection(ProjectConfigurationPlatforms) = postSolution
		{677DA9B3-D893-4537-8BB8-9E3B2F93AD6A}.Debug|Any CPU.ActiveCfg = Debug|Any CPU
		{677DA9B3-D893-4537-8BB8-9E3B2F93AD6A}.Debug|Any CPU.Build.0 = Debug|Any CPU
		{677DA9B3-D893-4537-8BB8-9E3B2F93AD6A}.Release|Any CPU.ActiveCfg = Release|Any CPU
		{677DA9B3-D893-4537-8BB8-9E3B2F93AD6A}.Release|Any CPU.Build.0 = Release|Any CPU
		{703FF300-34B9-48D4-A5D6-E741F48D5F95}.Debug|Any CPU.ActiveCfg = Debug|Any CPU
		{703FF300-34B9-48D4-A5D6-E741F48D5F95}.Debug|Any CPU.Build.0 = Debug|Any CPU
		{703FF300-34B9-48D4-A5D6-E741F48D5F95}.Release|Any CPU.ActiveCfg = Release|Any CPU
		{703FF300-34B9-48D4-A5D6-E741F48D5F95}.Release|Any CPU.Build.0 = Release|Any CPU
		{679AF14D-8FF5-4608-BFF8-EC1A7DED04A4}.Debug|Any CPU.ActiveCfg = Debug|Any CPU
		{679AF14D-8FF5-4608-BFF8-EC1A7DED04A4}.Debug|Any CPU.Build.0 = Debug|Any CPU
		{679AF14D-8FF5-4608-BFF8-EC1A7DED04A4}.Release|Any CPU.ActiveCfg = Release|Any CPU
		{679AF14D-8FF5-4608-BFF8-EC1A7DED04A4}.Release|Any CPU.Build.0 = Release|Any CPU
	EndGlobalSection
	GlobalSection(SolutionProperties) = preSolution
		HideSolutionNode = FALSE
	EndGlobalSection
	GlobalSection(ExtensibilityGlobals) = postSolution
		SolutionGuid = {5BA16CC5-96A1-47D3-AE58-B07D79BADC09}
	EndGlobalSection
EndGlobal
